Microsoft Visual Studio Solution File, Format Version 12.00
# Visual Studio Version 17
VisualStudioVersion = 17.5.2.0
MinimumVisualStudioVersion = 10.0.40219.1
Project("{FAE04EC0-301F-11D3-BF4B-00C04F79EFBC}") = "PersonalTrainerService.Tests", "PersonalTrainerService.Tests.csproj", "{008D4DA2-15EC-FDC5-5946-848005D384B2}"
EndProject
Global
	GlobalSection(SolutionConfigurationPlatforms) = preSolution
		Debug|Any CPU = Debug|Any CPU
		Release|Any CPU = Release|Any CPU
	EndGlobalSection
	GlobalSection(ProjectConfigurationPlatforms) = postSolution
		{008D4DA2-15EC-FDC5-5946-848005D384B2}.Debug|Any CPU.ActiveCfg = Debug|Any CPU
		{008D4DA2-15EC-FDC5-5946-848005D384B2}.Debug|Any CPU.Build.0 = Debug|Any CPU
		{008D4DA2-15EC-FDC5-5946-848005D384B2}.Release|Any CPU.ActiveCfg = Release|Any CPU
		{008D4DA2-15EC-FDC5-5946-848005D384B2}.Release|Any CPU.Build.0 = Release|Any CPU
	EndGlobalSection
	GlobalSection(SolutionProperties) = preSolution
		HideSolutionNode = FALSE
	EndGlobalSection
	GlobalSection(ExtensibilityGlobals) = postSolution
		SolutionGuid = {B69A4BA8-73EB-4544-A595-EA75C18F6A81}
	EndGlobalSection
EndGlobal
